// !$*UTF8*$!
{
	archiveVersion = 1;
	classes = {
	};
	objectVersion = 50;
	objects = {

/* Begin PBXBuildFile section */
		498084B22217491600050656 /* main.cpp in Sources */ = {isa = PBXBuildFile; fileRef = 498084B12217491600050656 /* main.cpp */; };
		498084BB221749AB00050656 /* SDL2.framework in Frameworks */ = {isa = PBXBuildFile; fileRef = 498084B9221749AB00050656 /* SDL2.framework */; };
		498084BC221749AB00050656 /* SDL2_image.framework in Frameworks */ = {isa = PBXBuildFile; fileRef = 498084BA221749AB00050656 /* SDL2_image.framework */; };
		498084C322174A3E00050656 /* LTimer.cpp in Sources */ = {isa = PBXBuildFile; fileRef = 498084BD22174A3E00050656 /* LTimer.cpp */; };
		498084C422174A3E00050656 /* LTexture.cpp in Sources */ = {isa = PBXBuildFile; fileRef = 498084BE22174A3E00050656 /* LTexture.cpp */; };
		498084C72217587600050656 /* villager.cpp in Sources */ = {isa = PBXBuildFile; fileRef = 498084C52217587600050656 /* villager.cpp */; };
		498084CB22175C9200050656 /* item.cpp in Sources */ = {isa = PBXBuildFile; fileRef = 498084C922175C9200050656 /* item.cpp */; };
		49F9A7B22229C14F008C165E /* building.cpp in Sources */ = {isa = PBXBuildFile; fileRef = 49F9A7B02229C14F008C165E /* building.cpp */; };
/* End PBXBuildFile section */

/* Begin PBXCopyFilesBuildPhase section */
		498084AC2217491600050656 /* CopyFiles */ = {
			isa = PBXCopyFilesBuildPhase;
			buildActionMask = 2147483647;
			dstPath = /usr/share/man/man1/;
			dstSubfolderSpec = 0;
			files = (
			);
			runOnlyForDeploymentPostprocessing = 1;
		};
/* End PBXCopyFilesBuildPhase section */

/* Begin PBXFileReference section */
		498084AE2217491600050656 /* AutoCity */ = {isa = PBXFileReference; explicitFileType = "compiled.mach-o.executable"; includeInIndex = 0; path = AutoCity; sourceTree = BUILT_PRODUCTS_DIR; };
		498084B12217491600050656 /* main.cpp */ = {isa = PBXFileReference; lastKnownFileType = sourcecode.cpp.cpp; path = main.cpp; sourceTree = "<group>"; };
		498084B9221749AB00050656 /* SDL2.framework */ = {isa = PBXFileReference; lastKnownFileType = wrapper.framework; name = SDL2.framework; path = ../../../Library/Frameworks/SDL2.framework; sourceTree = "<group>"; };
		498084BA221749AB00050656 /* SDL2_image.framework */ = {isa = PBXFileReference; lastKnownFileType = wrapper.framework; name = SDL2_image.framework; path = ../../../Library/Frameworks/SDL2_image.framework; sourceTree = "<group>"; };
		498084BD22174A3E00050656 /* LTimer.cpp */ = {isa = PBXFileReference; fileEncoding = 4; lastKnownFileType = sourcecode.cpp.cpp; path = LTimer.cpp; sourceTree = "<group>"; };
		498084BE22174A3E00050656 /* LTexture.cpp */ = {isa = PBXFileReference; fileEncoding = 4; lastKnownFileType = sourcecode.cpp.cpp; path = LTexture.cpp; sourceTree = "<group>"; };
		498084BF22174A3E00050656 /* LTexture.h */ = {isa = PBXFileReference; fileEncoding = 4; lastKnownFileType = sourcecode.c.h; path = LTexture.h; sourceTree = "<group>"; };
		498084C022174A3E00050656 /* LTimer.h */ = {isa = PBXFileReference; fileEncoding = 4; lastKnownFileType = sourcecode.c.h; path = LTimer.h; sourceTree = "<group>"; };
		498084C122174A3E00050656 /* game.h */ = {isa = PBXFileReference; fileEncoding = 4; lastKnownFileType = sourcecode.c.h; path = game.h; sourceTree = "<group>"; };
		498084C222174A3E00050656 /* globals.h */ = {isa = PBXFileReference; fileEncoding = 4; lastKnownFileType = sourcecode.c.h; path = globals.h; sourceTree = "<group>"; };
		498084C52217587600050656 /* villager.cpp */ = {isa = PBXFileReference; lastKnownFileType = sourcecode.cpp.cpp; path = villager.cpp; sourceTree = "<group>"; };
		498084C62217587600050656 /* villager.h */ = {isa = PBXFileReference; lastKnownFileType = sourcecode.c.h; path = villager.h; sourceTree = "<group>"; };
		498084C922175C9200050656 /* item.cpp */ = {isa = PBXFileReference; lastKnownFileType = sourcecode.cpp.cpp; path = item.cpp; sourceTree = "<group>"; };
		498084CA22175C9200050656 /* item.h */ = {isa = PBXFileReference; lastKnownFileType = sourcecode.c.h; path = item.h; sourceTree = "<group>"; };
		498084CE221775D600050656 /* owo.png */ = {isa = PBXFileReference; lastKnownFileType = image.png; path = owo.png; sourceTree = "<group>"; };
		49F9A7B02229C14F008C165E /* building.cpp */ = {isa = PBXFileReference; lastKnownFileType = sourcecode.cpp.cpp; path = building.cpp; sourceTree = "<group>"; };
		49F9A7B12229C14F008C165E /* building.h */ = {isa = PBXFileReference; lastKnownFileType = sourcecode.c.h; path = building.h; sourceTree = "<group>"; };
/* End PBXFileReference section */

/* Begin PBXFrameworksBuildPhase section */
		498084AB2217491600050656 /* Frameworks */ = {
			isa = PBXFrameworksBuildPhase;
			buildActionMask = 2147483647;
			files = (
				498084BB221749AB00050656 /* SDL2.framework in Frameworks */,
				498084BC221749AB00050656 /* SDL2_image.framework in Frameworks */,
			);
			runOnlyForDeploymentPostprocessing = 0;
		};
/* End PBXFrameworksBuildPhase section */

/* Begin PBXGroup section */
		498084A52217491600050656 = {
			isa = PBXGroup;
			children = (
				498084CC2217749200050656 /* assets */,
				498084B02217491600050656 /* source */,
				498084AF2217491600050656 /* Products */,
				498084B8221749AB00050656 /* Frameworks */,
			);
			sourceTree = "<group>";
		};
		498084AF2217491600050656 /* Products */ = {
			isa = PBXGroup;
			children = (
				498084AE2217491600050656 /* AutoCity */,
			);
			name = Products;
			sourceTree = "<group>";
		};
		498084B02217491600050656 /* source */ = {
			isa = PBXGroup;
			children = (
				498084C122174A3E00050656 /* game.h */,
				498084C222174A3E00050656 /* globals.h */,
				498084B12217491600050656 /* main.cpp */,
				498084BE22174A3E00050656 /* LTexture.cpp */,
				498084BF22174A3E00050656 /* LTexture.h */,
				498084BD22174A3E00050656 /* LTimer.cpp */,
				498084C022174A3E00050656 /* LTimer.h */,
				498084C52217587600050656 /* villager.cpp */,
				498084C62217587600050656 /* villager.h */,
				498084C922175C9200050656 /* item.cpp */,
				498084CA22175C9200050656 /* item.h */,
				49F9A7B02229C14F008C165E /* building.cpp */,
				49F9A7B12229C14F008C165E /* building.h */,
			);
			path = source;
			sourceTree = "<group>";
		};
		498084B8221749AB00050656 /* Frameworks */ = {
			isa = PBXGroup;
			children = (
				498084BA221749AB00050656 /* SDL2_image.framework */,
				498084B9221749AB00050656 /* SDL2.framework */,
			);
			name = Frameworks;
			sourceTree = "<group>";
		};
		498084CC2217749200050656 /* assets */ = {
			isa = PBXGroup;
			children = (
				498084CD2217756300050656 /* sprites */,
			);
			path = assets;
			sourceTree = "<group>";
		};
		498084CD2217756300050656 /* sprites */ = {
			isa = PBXGroup;
			children = (
				498084CE221775D600050656 /* owo.png */,
			);
			path = sprites;
			sourceTree = "<group>";
		};
/* End PBXGroup section */

/* Begin PBXNativeTarget section */
		498084AD2217491600050656 /* AutoCity */ = {
			isa = PBXNativeTarget;
			buildConfigurationList = 498084B52217491600050656 /* Build configuration list for PBXNativeTarget "AutoCity" */;
			buildPhases = (
				498084AA2217491600050656 /* Sources */,
				498084AB2217491600050656 /* Frameworks */,
				498084AC2217491600050656 /* CopyFiles */,
			);
			buildRules = (
			);
			dependencies = (
			);
			name = AutoCity;
			productName = AutoCity;
			productReference = 498084AE2217491600050656 /* AutoCity */;
			productType = "com.apple.product-type.tool";
		};
/* End PBXNativeTarget section */

/* Begin PBXProject section */
		498084A62217491600050656 /* Project object */ = {
			isa = PBXProject;
			attributes = {
				LastUpgradeCheck = 1000;
				ORGANIZATIONNAME = Fupar;
				TargetAttributes = {
					498084AD2217491600050656 = {
						CreatedOnToolsVersion = 10.0;
					};
				};
			};
			buildConfigurationList = 498084A92217491600050656 /* Build configuration list for PBXProject "AutoCity" */;
			compatibilityVersion = "Xcode 9.3";
			developmentRegion = en;
			hasScannedForEncodings = 0;
			knownRegions = (
				en,
			);
			mainGroup = 498084A52217491600050656;
			productRefGroup = 498084AF2217491600050656 /* Products */;
			projectDirPath = "";
			projectRoot = "";
			targets = (
				498084AD2217491600050656 /* AutoCity */,
			);
		};
/* End PBXProject section */

/* Begin PBXSourcesBuildPhase section */
		498084AA2217491600050656 /* Sources */ = {
			isa = PBXSourcesBuildPhase;
			buildActionMask = 2147483647;
			files = (
				498084C322174A3E00050656 /* LTimer.cpp in Sources */,
				49F9A7B22229C14F008C165E /* building.cpp in Sources */,
				498084B22217491600050656 /* main.cpp in Sources */,
				498084C422174A3E00050656 /* LTexture.cpp in Sources */,
				498084CB22175C9200050656 /* item.cpp in Sources */,
				498084C72217587600050656 /* villager.cpp in Sources */,
			);
			runOnlyForDeploymentPostprocessing = 0;
		};
/* End PBXSourcesBuildPhase section */

/* Begin XCBuildConfiguration section */
		498084B32217491600050656 /* Debug */ = {
			isa = XCBuildConfiguration;
			buildSettings = {
				ALWAYS_SEARCH_USER_PATHS = NO;
				CLANG_ANALYZER_NONNULL = YES;
				CLANG_ANALYZER_NUMBER_OBJECT_CONVERSION = YES_AGGRESSIVE;
				CLANG_CXX_LANGUAGE_STANDARD = "gnu++14";
				CLANG_CXX_LIBRARY = "libc++";
				CLANG_ENABLE_MODULES = YES;
				CLANG_ENABLE_OBJC_ARC = YES;
				CLANG_ENABLE_OBJC_WEAK = YES;
				CLANG_WARN_BLOCK_CAPTURE_AUTORELEASING = YES;
				CLANG_WARN_BOOL_CONVERSION = YES;
				CLANG_WARN_COMMA = YES;
				CLANG_WARN_CONSTANT_CONVERSION = YES;
				CLANG_WARN_DEPRECATED_OBJC_IMPLEMENTATIONS = YES;
				CLANG_WARN_DIRECT_OBJC_ISA_USAGE = YES_ERROR;
				CLANG_WARN_DOCUMENTATION_COMMENTS = YES;
				CLANG_WARN_EMPTY_BODY = YES;
				CLANG_WARN_ENUM_CONVERSION = YES;
				CLANG_WARN_INFINITE_RECURSION = YES;
				CLANG_WARN_INT_CONVERSION = YES;
				CLANG_WARN_NON_LITERAL_NULL_CONVERSION = YES;
				CLANG_WARN_OBJC_IMPLICIT_RETAIN_SELF = YES;
				CLANG_WARN_OBJC_LITERAL_CONVERSION = YES;
				CLANG_WARN_OBJC_ROOT_CLASS = YES_ERROR;
				CLANG_WARN_RANGE_LOOP_ANALYSIS = YES;
				CLANG_WARN_STRICT_PROTOTYPES = YES;
				CLANG_WARN_SUSPICIOUS_MOVE = YES;
				CLANG_WARN_UNGUARDED_AVAILABILITY = YES_AGGRESSIVE;
				CLANG_WARN_UNREACHABLE_CODE = YES;
				CLANG_WARN__DUPLICATE_METHOD_MATCH = YES;
				CODE_SIGN_IDENTITY = "-";
				COPY_PHASE_STRIP = NO;
				DEBUG_INFORMATION_FORMAT = dwarf;
				ENABLE_STRICT_OBJC_MSGSEND = YES;
				ENABLE_TESTABILITY = YES;
				GCC_C_LANGUAGE_STANDARD = gnu11;
				GCC_DYNAMIC_NO_PIC = NO;
				GCC_NO_COMMON_BLOCKS = YES;
				GCC_OPTIMIZATION_LEVEL = 0;
				GCC_PREPROCESSOR_DEFINITIONS = (
					"DEBUG=1",
					"$(inherited)",
				);
				GCC_WARN_64_TO_32_BIT_CONVERSION = YES;
				GCC_WARN_ABOUT_RETURN_TYPE = YES_ERROR;
				GCC_WARN_UNDECLARED_SELECTOR = YES;
				GCC_WARN_UNINITIALIZED_AUTOS = YES_AGGRESSIVE;
				GCC_WARN_UNUSED_FUNCTION = YES;
				GCC_WARN_UNUSED_VARIABLE = YES;
				MACOSX_DEPLOYMENT_TARGET = 10.14;
				MTL_ENABLE_DEBUG_INFO = INCLUDE_SOURCE;
				MTL_FAST_MATH = YES;
				ONLY_ACTIVE_ARCH = YES;
				SDKROOT = macosx;
			};
			name = Debug;
		};
		498084B42217491600050656 /* Release */ = {
			isa = XCBuildConfiguration;
			buildSettings = {
				ALWAYS_SEARCH_USER_PATHS = NO;
				CLANG_ANALYZER_NONNULL = YES;
				CLANG_ANALYZER_NUMBER_OBJECT_CONVERSION = YES_AGGRESSIVE;
				CLANG_CXX_LANGUAGE_STANDARD = "gnu++14";
				CLANG_CXX_LIBRARY = "libc++";
				CLANG_ENABLE_MODULES = YES;
				CLANG_ENABLE_OBJC_ARC = YES;
				CLANG_ENABLE_OBJC_WEAK = YES;
				CLANG_WARN_BLOCK_CAPTURE_AUTORELEASING = YES;
				CLANG_WARN_BOOL_CONVERSION = YES;
				CLANG_WARN_COMMA = YES;
				CLANG_WARN_CONSTANT_CONVERSION = YES;
				CLANG_WARN_DEPRECATED_OBJC_IMPLEMENTATIONS = YES;
				CLANG_WARN_DIRECT_OBJC_ISA_USAGE = YES_ERROR;
				CLANG_WARN_DOCUMENTATION_COMMENTS = YES;
				CLANG_WARN_EMPTY_BODY = YES;
				CLANG_WARN_ENUM_CONVERSION = YES;
				CLANG_WARN_INFINITE_RECURSION = YES;
				CLANG_WARN_INT_CONVERSION = YES;
				CLANG_WARN_NON_LITERAL_NULL_CONVERSION = YES;
				CLANG_WARN_OBJC_IMPLICIT_RETAIN_SELF = YES;
				CLANG_WARN_OBJC_LITERAL_CONVERSION = YES;
				CLANG_WARN_OBJC_ROOT_CLASS = YES_ERROR;
				CLANG_WARN_RANGE_LOOP_ANALYSIS = YES;
				CLANG_WARN_STRICT_PROTOTYPES = YES;
				CLANG_WARN_SUSPICIOUS_MOVE = YES;
				CLANG_WARN_UNGUARDED_AVAILABILITY = YES_AGGRESSIVE;
				CLANG_WARN_UNREACHABLE_CODE = YES;
				CLANG_WARN__DUPLICATE_METHOD_MATCH = YES;
				CODE_SIGN_IDENTITY = "-";
				COPY_PHASE_STRIP = NO;
				DEBUG_INFORMATION_FORMAT = "dwarf-with-dsym";
				ENABLE_NS_ASSERTIONS = NO;
				ENABLE_STRICT_OBJC_MSGSEND = YES;
				GCC_C_LANGUAGE_STANDARD = gnu11;
				GCC_NO_COMMON_BLOCKS = YES;
				GCC_WARN_64_TO_32_BIT_CONVERSION = YES;
				GCC_WARN_ABOUT_RETURN_TYPE = YES_ERROR;
				GCC_WARN_UNDECLARED_SELECTOR = YES;
				GCC_WARN_UNINITIALIZED_AUTOS = YES_AGGRESSIVE;
				GCC_WARN_UNUSED_FUNCTION = YES;
				GCC_WARN_UNUSED_VARIABLE = YES;
				MACOSX_DEPLOYMENT_TARGET = 10.14;
				MTL_ENABLE_DEBUG_INFO = NO;
				MTL_FAST_MATH = YES;
				SDKROOT = macosx;
			};
			name = Release;
		};
		498084B62217491600050656 /* Debug */ = {
			isa = XCBuildConfiguration;
			buildSettings = {
				CODE_SIGN_STYLE = Automatic;
				FRAMEWORK_SEARCH_PATHS = (
					"$(inherited)",
					"$(USER_LIBRARY_DIR)/Frameworks",
				);
				PRODUCT_NAME = "$(TARGET_NAME)";
			};
			name = Debug;
		};
		498084B72217491600050656 /* Release */ = {
			isa = XCBuildConfiguration;
			buildSettings = {
				CODE_SIGN_STYLE = Automatic;
				FRAMEWORK_SEARCH_PATHS = (
					"$(inherited)",
					"$(USER_LIBRARY_DIR)/Frameworks",
				);
				PRODUCT_NAME = "$(TARGET_NAME)";
			};
			name = Release;
		};
/* End XCBuildConfiguration section */

/* Begin XCConfigurationList section */
		498084A92217491600050656 /* Build configuration list for PBXProject "AutoCity" */ = {
			isa = XCConfigurationList;
			buildConfigurations = (
				498084B32217491600050656 /* Debug */,
				498084B42217491600050656 /* Release */,
			);
			defaultConfigurationIsVisible = 0;
			defaultConfigurationName = Release;
		};
		498084B52217491600050656 /* Build configuration list for PBXNativeTarget "AutoCity" */ = {
			isa = XCConfigurationList;
			buildConfigurations = (
				498084B62217491600050656 /* Debug */,
				498084B72217491600050656 /* Release */,
			);
			defaultConfigurationIsVisible = 0;
			defaultConfigurationName = Release;
		};
/* End XCConfigurationList section */
	};
	rootObject = 498084A62217491600050656 /* Project object */;
}
